
Microsoft Visual Studio Solution File, Format Version 12.00
# Visual Studio 2012
Project("{FAE04EC0-301F-11D3-BF4B-00C04F79EFBC}") = "ServicioPLCSQL", "ServicioPLCSQL\ServicioPLCSQL.csproj", "{83ED56E4-E76A-473E-937A-44CFE8E97A71}"
EndProject
Global
	GlobalSection(SolutionConfigurationPlatforms) = preSolution
		Debug|Any CPU = Debug|Any CPU
		Release|Any CPU = Release|Any CPU
	EndGlobalSection
	GlobalSection(ProjectConfigurationPlatforms) = postSolution
		{83ED56E4-E76A-473E-937A-44CFE8E97A71}.Debug|Any CPU.ActiveCfg = Debug|Any CPU
		{83ED56E4-E76A-473E-937A-44CFE8E97A71}.Debug|Any CPU.Build.0 = Debug|Any CPU
		{83ED56E4-E76A-473E-937A-44CFE8E97A71}.Release|Any CPU.ActiveCfg = Release|Any CPU
		{83ED56E4-E76A-473E-937A-44CFE8E97A71}.Release|Any CPU.Build.0 = Release|Any CPU
	EndGlobalSection
	GlobalSection(SolutionProperties) = preSolution
		HideSolutionNode = FALSE
	EndGlobalSection
EndGlobal
